
Microsoft Visual Studio Solution File, Format Version 12.00
# Visual Studio Version 17
VisualStudioVersion = 17.4.33403.182
MinimumVisualStudioVersion = 10.0.40219.1
Project("{FAE04EC0-301F-11D3-BF4B-00C04F79EFBC}") = "MicrosoftGraphDotNet", "MicrosoftGraphDotNet.csproj", "{FD4F8B0D-B6F6-4C13-9A51-73AEFC1D05BC}"
EndProject
Global
	GlobalSection(SolutionConfigurationPlatforms) = preSolution
		Debug|Any CPU = Debug|Any CPU
		Release|Any CPU = Release|Any CPU
	EndGlobalSection
	GlobalSection(ProjectConfigurationPlatforms) = postSolution
		{FD4F8B0D-B6F6-4C13-9A51-73AEFC1D05BC}.Debug|Any CPU.ActiveCfg = Debug|Any CPU
		{FD4F8B0D-B6F6-4C13-9A51-73AEFC1D05BC}.Debug|Any CPU.Build.0 = Debug|Any CPU
		{FD4F8B0D-B6F6-4C13-9A51-73AEFC1D05BC}.Release|Any CPU.ActiveCfg = Release|Any CPU
		{FD4F8B0D-B6F6-4C13-9A51-73AEFC1D05BC}.Release|Any CPU.Build.0 = Release|Any CPU
	EndGlobalSection
	GlobalSection(SolutionProperties) = preSolution
		HideSolutionNode = FALSE
	EndGlobalSection
	GlobalSection(ExtensibilityGlobals) = postSolution
		SolutionGuid = {E6664CB4-25D8-4299-B676-58A14315E3A5}
	EndGlobalSection
EndGlobal
